
Microsoft Visual Studio Solution File, Format Version 12.00
# Visual Studio Version 17
VisualStudioVersion = 17.11.35312.102
MinimumVisualStudioVersion = 10.0.40219.1
Project("{9A19103F-16F7-4668-BE54-9A1E7A4F7556}") = "Exe201_API", "Exe201_API\Exe201_API.csproj", "{0B4918DB-A513-4472-B27E-0376541D3414}"
EndProject
Project("{FAE04EC0-301F-11D3-BF4B-00C04F79EFBC}") = "CleanView", "CleanView\CleanView.csproj", "{0BD1B11A-0BEA-4D36-AD13-3A8969163557}"
EndProject
Global
	GlobalSection(SolutionConfigurationPlatforms) = preSolution
		Debug|Any CPU = Debug|Any CPU
		Release|Any CPU = Release|Any CPU
	EndGlobalSection
	GlobalSection(ProjectConfigurationPlatforms) = postSolution
		{0B4918DB-A513-4472-B27E-0376541D3414}.Debug|Any CPU.ActiveCfg = Debug|Any CPU
		{0B4918DB-A513-4472-B27E-0376541D3414}.Debug|Any CPU.Build.0 = Debug|Any CPU
		{0B4918DB-A513-4472-B27E-0376541D3414}.Release|Any CPU.ActiveCfg = Release|Any CPU
		{0B4918DB-A513-4472-B27E-0376541D3414}.Release|Any CPU.Build.0 = Release|Any CPU
		{0BD1B11A-0BEA-4D36-AD13-3A8969163557}.Debug|Any CPU.ActiveCfg = Debug|Any CPU
		{0BD1B11A-0BEA-4D36-AD13-3A8969163557}.Debug|Any CPU.Build.0 = Debug|Any CPU
		{0BD1B11A-0BEA-4D36-AD13-3A8969163557}.Release|Any CPU.ActiveCfg = Release|Any CPU
		{0BD1B11A-0BEA-4D36-AD13-3A8969163557}.Release|Any CPU.Build.0 = Release|Any CPU
	EndGlobalSection
	GlobalSection(SolutionProperties) = preSolution
		HideSolutionNode = FALSE
	EndGlobalSection
	GlobalSection(ExtensibilityGlobals) = postSolution
		SolutionGuid = {65CA4219-0CAA-4245-A856-DE03E2AA05CC}
	EndGlobalSection
EndGlobal
